
Microsoft Visual Studio Solution File, Format Version 12.00
# Visual Studio 15
VisualStudioVersion = 15.0.27703.2000
MinimumVisualStudioVersion = 10.0.40219.1
Project("{FAE04EC0-301F-11D3-BF4B-00C04F79EFBC}") = "Excel2DB", "Excel2DB\Excel2DB.csproj", "{5E30447D-1D98-46A1-BFC7-9A3F1136316E}"
EndProject
Project("{FAE04EC0-301F-11D3-BF4B-00C04F79EFBC}") = "TestForm", "..\TestForm\TestForm.csproj", "{B1D9132E-0E89-491B-A34C-EC80921ACE99}"
EndProject
Project("{FAE04EC0-301F-11D3-BF4B-00C04F79EFBC}") = "AppendIndex", "..\AppendIndex\AppendIndex.csproj", "{36C54BDE-87AC-4D4F-9D65-E6071643A5E8}"
EndProject
Global
	GlobalSection(SolutionConfigurationPlatforms) = preSolution
		Debug|Any CPU = Debug|Any CPU
		Release|Any CPU = Release|Any CPU
	EndGlobalSection
	GlobalSection(ProjectConfigurationPlatforms) = postSolution
		{5E30447D-1D98-46A1-BFC7-9A3F1136316E}.Debug|Any CPU.ActiveCfg = Debug|Any CPU
		{5E30447D-1D98-46A1-BFC7-9A3F1136316E}.Debug|Any CPU.Build.0 = Debug|Any CPU
		{5E30447D-1D98-46A1-BFC7-9A3F1136316E}.Release|Any CPU.ActiveCfg = Release|Any CPU
		{5E30447D-1D98-46A1-BFC7-9A3F1136316E}.Release|Any CPU.Build.0 = Release|Any CPU
		{B1D9132E-0E89-491B-A34C-EC80921ACE99}.Debug|Any CPU.ActiveCfg = Debug|Any CPU
		{B1D9132E-0E89-491B-A34C-EC80921ACE99}.Debug|Any CPU.Build.0 = Debug|Any CPU
		{B1D9132E-0E89-491B-A34C-EC80921ACE99}.Release|Any CPU.ActiveCfg = Release|Any CPU
		{B1D9132E-0E89-491B-A34C-EC80921ACE99}.Release|Any CPU.Build.0 = Release|Any CPU
		{36C54BDE-87AC-4D4F-9D65-E6071643A5E8}.Debug|Any CPU.ActiveCfg = Debug|Any CPU
		{36C54BDE-87AC-4D4F-9D65-E6071643A5E8}.Debug|Any CPU.Build.0 = Debug|Any CPU
		{36C54BDE-87AC-4D4F-9D65-E6071643A5E8}.Release|Any CPU.ActiveCfg = Release|Any CPU
		{36C54BDE-87AC-4D4F-9D65-E6071643A5E8}.Release|Any CPU.Build.0 = Release|Any CPU
	EndGlobalSection
	GlobalSection(SolutionProperties) = preSolution
		HideSolutionNode = FALSE
	EndGlobalSection
	GlobalSection(ExtensibilityGlobals) = postSolution
		SolutionGuid = {67BB0C8B-D2BB-4E2E-8794-56C578CD30AD}
	EndGlobalSection
EndGlobal
